// !$*UTF8*$!
{
	archiveVersion = 1;
	classes = {
	};
	objectVersion = 56;
	objects = {

/* Begin PBXBuildFile section */
		3A44266D29E7AA7600F414CE /* SDWebImage in Frameworks */ = {isa = PBXBuildFile; productRef = 3A44266C29E7AA7600F414CE /* SDWebImage */; };
		3A8A263029E77A9A00BDD648 /* AppDelegate.swift in Sources */ = {isa = PBXBuildFile; fileRef = 3A8A262F29E77A9A00BDD648 /* AppDelegate.swift */; };
		3A8A263229E77A9A00BDD648 /* SceneDelegate.swift in Sources */ = {isa = PBXBuildFile; fileRef = 3A8A263129E77A9A00BDD648 /* SceneDelegate.swift */; };
		3A8A263429E77A9A00BDD648 /* ViewController.swift in Sources */ = {isa = PBXBuildFile; fileRef = 3A8A263329E77A9A00BDD648 /* ViewController.swift */; };
		3A8A263729E77A9A00BDD648 /* Main.storyboard in Resources */ = {isa = PBXBuildFile; fileRef = 3A8A263529E77A9A00BDD648 /* Main.storyboard */; };
		3A8A263929E77A9B00BDD648 /* Assets.xcassets in Resources */ = {isa = PBXBuildFile; fileRef = 3A8A263829E77A9B00BDD648 /* Assets.xcassets */; };
		3A8A263C29E77A9B00BDD648 /* LaunchScreen.storyboard in Resources */ = {isa = PBXBuildFile; fileRef = 3A8A263A29E77A9B00BDD648 /* LaunchScreen.storyboard */; };
		3A8A264729E77A9B00BDD648 /* BudBudTests.swift in Sources */ = {isa = PBXBuildFile; fileRef = 3A8A264629E77A9B00BDD648 /* BudBudTests.swift */; };
		3A8A265129E77A9B00BDD648 /* BudBudUITests.swift in Sources */ = {isa = PBXBuildFile; fileRef = 3A8A265029E77A9B00BDD648 /* BudBudUITests.swift */; };
		3A8A265329E77A9B00BDD648 /* BudBudUITestsLaunchTests.swift in Sources */ = {isa = PBXBuildFile; fileRef = 3A8A265229E77A9B00BDD648 /* BudBudUITestsLaunchTests.swift */; };
/* End PBXBuildFile section */

/* Begin PBXContainerItemProxy section */
		3A8A264329E77A9B00BDD648 /* PBXContainerItemProxy */ = {
			isa = PBXContainerItemProxy;
			containerPortal = 3A8A262429E77A9A00BDD648 /* Project object */;
			proxyType = 1;
			remoteGlobalIDString = 3A8A262B29E77A9A00BDD648;
			remoteInfo = BudBud;
		};
		3A8A264D29E77A9B00BDD648 /* PBXContainerItemProxy */ = {
			isa = PBXContainerItemProxy;
			containerPortal = 3A8A262429E77A9A00BDD648 /* Project object */;
			proxyType = 1;
			remoteGlobalIDString = 3A8A262B29E77A9A00BDD648;
			remoteInfo = BudBud;
		};
/* End PBXContainerItemProxy section */

/* Begin PBXFileReference section */
		3A8A262C29E77A9A00BDD648 /* BudBud.app */ = {isa = PBXFileReference; explicitFileType = wrapper.application; includeInIndex = 0; path = BudBud.app; sourceTree = BUILT_PRODUCTS_DIR; };
		3A8A262F29E77A9A00BDD648 /* AppDelegate.swift */ = {isa = PBXFileReference; lastKnownFileType = sourcecode.swift; path = AppDelegate.swift; sourceTree = "<group>"; };
		3A8A263129E77A9A00BDD648 /* SceneDelegate.swift */ = {isa = PBXFileReference; lastKnownFileType = sourcecode.swift; path = SceneDelegate.swift; sourceTree = "<group>"; };
		3A8A263329E77A9A00BDD648 /* ViewController.swift */ = {isa = PBXFileReference; lastKnownFileType = sourcecode.swift; path = ViewController.swift; sourceTree = "<group>"; };
		3A8A263629E77A9A00BDD648 /* Base */ = {isa = PBXFileReference; lastKnownFileType = file.storyboard; name = Base; path = Base.lproj/Main.storyboard; sourceTree = "<group>"; };
		3A8A263829E77A9B00BDD648 /* Assets.xcassets */ = {isa = PBXFileReference; lastKnownFileType = folder.assetcatalog; path = Assets.xcassets; sourceTree = "<group>"; };
		3A8A263B29E77A9B00BDD648 /* Base */ = {isa = PBXFileReference; lastKnownFileType = file.storyboard; name = Base; path = Base.lproj/LaunchScreen.storyboard; sourceTree = "<group>"; };
		3A8A263D29E77A9B00BDD648 /* Info.plist */ = {isa = PBXFileReference; lastKnownFileType = text.plist.xml; path = Info.plist; sourceTree = "<group>"; };
		3A8A264229E77A9B00BDD648 /* BudBudTests.xctest */ = {isa = PBXFileReference; explicitFileType = wrapper.cfbundle; includeInIndex = 0; path = BudBudTests.xctest; sourceTree = BUILT_PRODUCTS_DIR; };
		3A8A264629E77A9B00BDD648 /* BudBudTests.swift */ = {isa = PBXFileReference; lastKnownFileType = sourcecode.swift; path = BudBudTests.swift; sourceTree = "<group>"; };
		3A8A264C29E77A9B00BDD648 /* BudBudUITests.xctest */ = {isa = PBXFileReference; explicitFileType = wrapper.cfbundle; includeInIndex = 0; path = BudBudUITests.xctest; sourceTree = BUILT_PRODUCTS_DIR; };
		3A8A265029E77A9B00BDD648 /* BudBudUITests.swift */ = {isa = PBXFileReference; lastKnownFileType = sourcecode.swift; path = BudBudUITests.swift; sourceTree = "<group>"; };
		3A8A265229E77A9B00BDD648 /* BudBudUITestsLaunchTests.swift */ = {isa = PBXFileReference; lastKnownFileType = sourcecode.swift; path = BudBudUITestsLaunchTests.swift; sourceTree = "<group>"; };
/* End PBXFileReference section */

/* Begin PBXFrameworksBuildPhase section */
		3A8A262929E77A9A00BDD648 /* Frameworks */ = {
			isa = PBXFrameworksBuildPhase;
			buildActionMask = 2147483647;
			files = (
				3A44266D29E7AA7600F414CE /* SDWebImage in Frameworks */,
			);
			runOnlyForDeploymentPostprocessing = 0;
		};
		3A8A263F29E77A9B00BDD648 /* Frameworks */ = {
			isa = PBXFrameworksBuildPhase;
			buildActionMask = 2147483647;
			files = (
			);
			runOnlyForDeploymentPostprocessing = 0;
		};
		3A8A264929E77A9B00BDD648 /* Frameworks */ = {
			isa = PBXFrameworksBuildPhase;
			buildActionMask = 2147483647;
			files = (
			);
			runOnlyForDeploymentPostprocessing = 0;
		};
/* End PBXFrameworksBuildPhase section */

/* Begin PBXGroup section */
		3A8A262329E77A9A00BDD648 = {
			isa = PBXGroup;
			children = (
				3A8A262E29E77A9A00BDD648 /* BudBud */,
				3A8A264529E77A9B00BDD648 /* BudBudTests */,
				3A8A264F29E77A9B00BDD648 /* BudBudUITests */,
				3A8A262D29E77A9A00BDD648 /* Products */,
			);
			sourceTree = "<group>";
		};
		3A8A262D29E77A9A00BDD648 /* Products */ = {
			isa = PBXGroup;
			children = (
				3A8A262C29E77A9A00BDD648 /* BudBud.app */,
				3A8A264229E77A9B00BDD648 /* BudBudTests.xctest */,
				3A8A264C29E77A9B00BDD648 /* BudBudUITests.xctest */,
			);
			name = Products;
			sourceTree = "<group>";
		};
		3A8A262E29E77A9A00BDD648 /* BudBud */ = {
			isa = PBXGroup;
			children = (
				3A8A262F29E77A9A00BDD648 /* AppDelegate.swift */,
				3A8A263129E77A9A00BDD648 /* SceneDelegate.swift */,
				3A8A263329E77A9A00BDD648 /* ViewController.swift */,
				3A8A263529E77A9A00BDD648 /* Main.storyboard */,
				3A8A263829E77A9B00BDD648 /* Assets.xcassets */,
				3A8A263A29E77A9B00BDD648 /* LaunchScreen.storyboard */,
				3A8A263D29E77A9B00BDD648 /* Info.plist */,
			);
			path = BudBud;
			sourceTree = "<group>";
		};
		3A8A264529E77A9B00BDD648 /* BudBudTests */ = {
			isa = PBXGroup;
			children = (
				3A8A264629E77A9B00BDD648 /* BudBudTests.swift */,
			);
			path = BudBudTests;
			sourceTree = "<group>";
		};
		3A8A264F29E77A9B00BDD648 /* BudBudUITests */ = {
			isa = PBXGroup;
			children = (
				3A8A265029E77A9B00BDD648 /* BudBudUITests.swift */,
				3A8A265229E77A9B00BDD648 /* BudBudUITestsLaunchTests.swift */,
			);
			path = BudBudUITests;
			sourceTree = "<group>";
		};
/* End PBXGroup section */

/* Begin PBXNativeTarget section */
		3A8A262B29E77A9A00BDD648 /* BudBud */ = {
			isa = PBXNativeTarget;
			buildConfigurationList = 3A8A265629E77A9B00BDD648 /* Build configuration list for PBXNativeTarget "BudBud" */;
			buildPhases = (
				3A8A262829E77A9A00BDD648 /* Sources */,
				3A8A262929E77A9A00BDD648 /* Frameworks */,
				3A8A262A29E77A9A00BDD648 /* Resources */,
			);
			buildRules = (
			);
			dependencies = (
			);
			name = BudBud;
			packageProductDependencies = (
				3A44266C29E7AA7600F414CE /* SDWebImage */,
			);
			productName = BudBud;
			productReference = 3A8A262C29E77A9A00BDD648 /* BudBud.app */;
			productType = "com.apple.product-type.application";
		};
		3A8A264129E77A9B00BDD648 /* BudBudTests */ = {
			isa = PBXNativeTarget;
			buildConfigurationList = 3A8A265929E77A9B00BDD648 /* Build configuration list for PBXNativeTarget "BudBudTests" */;
			buildPhases = (
				3A8A263E29E77A9B00BDD648 /* Sources */,
				3A8A263F29E77A9B00BDD648 /* Frameworks */,
				3A8A264029E77A9B00BDD648 /* Resources */,
			);
			buildRules = (
			);
			dependencies = (
				3A8A264429E77A9B00BDD648 /* PBXTargetDependency */,
			);
			name = BudBudTests;
			productName = BudBudTests;
			productReference = 3A8A264229E77A9B00BDD648 /* BudBudTests.xctest */;
			productType = "com.apple.product-type.bundle.unit-test";
		};
		3A8A264B29E77A9B00BDD648 /* BudBudUITests */ = {
			isa = PBXNativeTarget;
			buildConfigurationList = 3A8A265C29E77A9B00BDD648 /* Build configuration list for PBXNativeTarget "BudBudUITests" */;
			buildPhases = (
				3A8A264829E77A9B00BDD648 /* Sources */,
				3A8A264929E77A9B00BDD648 /* Frameworks */,
				3A8A264A29E77A9B00BDD648 /* Resources */,
			);
			buildRules = (
			);
			dependencies = (
				3A8A264E29E77A9B00BDD648 /* PBXTargetDependency */,
			);
			name = BudBudUITests;
			productName = BudBudUITests;
			productReference = 3A8A264C29E77A9B00BDD648 /* BudBudUITests.xctest */;
			productType = "com.apple.product-type.bundle.ui-testing";
		};
/* End PBXNativeTarget section */

/* Begin PBXProject section */
		3A8A262429E77A9A00BDD648 /* Project object */ = {
			isa = PBXProject;
			attributes = {
				BuildIndependentTargetsInParallel = 1;
				LastSwiftUpdateCheck = 1430;
				LastUpgradeCheck = 1430;
				TargetAttributes = {
					3A8A262B29E77A9A00BDD648 = {
						CreatedOnToolsVersion = 14.3;
					};
					3A8A264129E77A9B00BDD648 = {
						CreatedOnToolsVersion = 14.3;
						TestTargetID = 3A8A262B29E77A9A00BDD648;
					};
					3A8A264B29E77A9B00BDD648 = {
						CreatedOnToolsVersion = 14.3;
						TestTargetID = 3A8A262B29E77A9A00BDD648;
					};
				};
			};
			buildConfigurationList = 3A8A262729E77A9A00BDD648 /* Build configuration list for PBXProject "BudBud" */;
			compatibilityVersion = "Xcode 14.0";
			developmentRegion = en;
			hasScannedForEncodings = 0;
			knownRegions = (
				en,
				Base,
			);
			mainGroup = 3A8A262329E77A9A00BDD648;
			packageReferences = (
				3A44266B29E7AA7600F414CE /* XCRemoteSwiftPackageReference "SDWebImage" */,
			);
			productRefGroup = 3A8A262D29E77A9A00BDD648 /* Products */;
			projectDirPath = "";
			projectRoot = "";
			targets = (
				3A8A262B29E77A9A00BDD648 /* BudBud */,
				3A8A264129E77A9B00BDD648 /* BudBudTests */,
				3A8A264B29E77A9B00BDD648 /* BudBudUITests */,
			);
		};
/* End PBXProject section */

/* Begin PBXResourcesBuildPhase section */
		3A8A262A29E77A9A00BDD648 /* Resources */ = {
			isa = PBXResourcesBuildPhase;
			buildActionMask = 2147483647;
			files = (
				3A8A263C29E77A9B00BDD648 /* LaunchScreen.storyboard in Resources */,
				3A8A263929E77A9B00BDD648 /* Assets.xcassets in Resources */,
				3A8A263729E77A9A00BDD648 /* Main.storyboard in Resources */,
			);
			runOnlyForDeploymentPostprocessing = 0;
		};
		3A8A264029E77A9B00BDD648 /* Resources */ = {
			isa = PBXResourcesBuildPhase;
			buildActionMask = 2147483647;
			files = (
			);
			runOnlyForDeploymentPostprocessing = 0;
		};
		3A8A264A29E77A9B00BDD648 /* Resources */ = {
			isa = PBXResourcesBuildPhase;
			buildActionMask = 2147483647;
			files = (
			);
			runOnlyForDeploymentPostprocessing = 0;
		};
/* End PBXResourcesBuildPhase section */

/* Begin PBXSourcesBuildPhase section */
		3A8A262829E77A9A00BDD648 /* Sources */ = {
			isa = PBXSourcesBuildPhase;
			buildActionMask = 2147483647;
			files = (
				3A8A263429E77A9A00BDD648 /* ViewController.swift in Sources */,
				3A8A263029E77A9A00BDD648 /* AppDelegate.swift in Sources */,
				3A8A263229E77A9A00BDD648 /* SceneDelegate.swift in Sources */,
			);
			runOnlyForDeploymentPostprocessing = 0;
		};
		3A8A263E29E77A9B00BDD648 /* Sources */ = {
			isa = PBXSourcesBuildPhase;
			buildActionMask = 2147483647;
			files = (
				3A8A264729E77A9B00BDD648 /* BudBudTests.swift in Sources */,
			);
			runOnlyForDeploymentPostprocessing = 0;
		};
		3A8A264829E77A9B00BDD648 /* Sources */ = {
			isa = PBXSourcesBuildPhase;
			buildActionMask = 2147483647;
			files = (
				3A8A265329E77A9B00BDD648 /* BudBudUITestsLaunchTests.swift in Sources */,
				3A8A265129E77A9B00BDD648 /* BudBudUITests.swift in Sources */,
			);
			runOnlyForDeploymentPostprocessing = 0;
		};
/* End PBXSourcesBuildPhase section */

/* Begin PBXTargetDependency section */
		3A8A264429E77A9B00BDD648 /* PBXTargetDependency */ = {
			isa = PBXTargetDependency;
			target = 3A8A262B29E77A9A00BDD648 /* BudBud */;
			targetProxy = 3A8A264329E77A9B00BDD648 /* PBXContainerItemProxy */;
		};
		3A8A264E29E77A9B00BDD648 /* PBXTargetDependency */ = {
			isa = PBXTargetDependency;
			target = 3A8A262B29E77A9A00BDD648 /* BudBud */;
			targetProxy = 3A8A264D29E77A9B00BDD648 /* PBXContainerItemProxy */;
		};
/* End PBXTargetDependency section */

/* Begin PBXVariantGroup section */
		3A8A263529E77A9A00BDD648 /* Main.storyboard */ = {
			isa = PBXVariantGroup;
			children = (
				3A8A263629E77A9A00BDD648 /* Base */,
			);
			name = Main.storyboard;
			sourceTree = "<group>";
		};
		3A8A263A29E77A9B00BDD648 /* LaunchScreen.storyboard */ = {
			isa = PBXVariantGroup;
			children = (
				3A8A263B29E77A9B00BDD648 /* Base */,
			);
			name = LaunchScreen.storyboard;
			sourceTree = "<group>";
		};
/* End PBXVariantGroup section */

/* Begin XCBuildConfiguration section */
		3A8A265429E77A9B00BDD648 /* Debug */ = {
			isa = XCBuildConfiguration;
			buildSettings = {
				ALWAYS_SEARCH_USER_PATHS = NO;
				CLANG_ANALYZER_NONNULL = YES;
				CLANG_ANALYZER_NUMBER_OBJECT_CONVERSION = YES_AGGRESSIVE;
				CLANG_CXX_LANGUAGE_STANDARD = "gnu++20";
				CLANG_ENABLE_MODULES = YES;
				CLANG_ENABLE_OBJC_ARC = YES;
				CLANG_ENABLE_OBJC_WEAK = YES;
				CLANG_WARN_BLOCK_CAPTURE_AUTORELEASING = YES;
				CLANG_WARN_BOOL_CONVERSION = YES;
				CLANG_WARN_COMMA = YES;
				CLANG_WARN_CONSTANT_CONVERSION = YES;
				CLANG_WARN_DEPRECATED_OBJC_IMPLEMENTATIONS = YES;
				CLANG_WARN_DIRECT_OBJC_ISA_USAGE = YES_ERROR;
				CLANG_WARN_DOCUMENTATION_COMMENTS = YES;
				CLANG_WARN_EMPTY_BODY = YES;
				CLANG_WARN_ENUM_CONVERSION = YES;
				CLANG_WARN_INFINITE_RECURSION = YES;
				CLANG_WARN_INT_CONVERSION = YES;
				CLANG_WARN_NON_LITERAL_NULL_CONVERSION = YES;
				CLANG_WARN_OBJC_IMPLICIT_RETAIN_SELF = YES;
				CLANG_WARN_OBJC_LITERAL_CONVERSION = YES;
				CLANG_WARN_OBJC_ROOT_CLASS = YES_ERROR;
				CLANG_WARN_QUOTED_INCLUDE_IN_FRAMEWORK_HEADER = YES;
				CLANG_WARN_RANGE_LOOP_ANALYSIS = YES;
				CLANG_WARN_STRICT_PROTOTYPES = YES;
				CLANG_WARN_SUSPICIOUS_MOVE = YES;
				CLANG_WARN_UNGUARDED_AVAILABILITY = YES_AGGRESSIVE;
				CLANG_WARN_UNREACHABLE_CODE = YES;
				CLANG_WARN__DUPLICATE_METHOD_MATCH = YES;
				COPY_PHASE_STRIP = NO;
				DEBUG_INFORMATION_FORMAT = dwarf;
				ENABLE_STRICT_OBJC_MSGSEND = YES;
				ENABLE_TESTABILITY = YES;
				GCC_C_LANGUAGE_STANDARD = gnu11;
				GCC_DYNAMIC_NO_PIC = NO;
				GCC_NO_COMMON_BLOCKS = YES;
				GCC_OPTIMIZATION_LEVEL = 0;
				GCC_PREPROCESSOR_DEFINITIONS = (
					"DEBUG=1",
					"$(inherited)",
				);
				GCC_WARN_64_TO_32_BIT_CONVERSION = YES;
				GCC_WARN_ABOUT_RETURN_TYPE = YES_ERROR;
				GCC_WARN_UNDECLARED_SELECTOR = YES;
				GCC_WARN_UNINITIALIZED_AUTOS = YES_AGGRESSIVE;
				GCC_WARN_UNUSED_FUNCTION = YES;
				GCC_WARN_UNUSED_VARIABLE = YES;
				IPHONEOS_DEPLOYMENT_TARGET = 16.4;
				MTL_ENABLE_DEBUG_INFO = INCLUDE_SOURCE;
				MTL_FAST_MATH = YES;
				ONLY_ACTIVE_ARCH = YES;
				SDKROOT = iphoneos;
				SWIFT_ACTIVE_COMPILATION_CONDITIONS = DEBUG;
				SWIFT_OPTIMIZATION_LEVEL = "-Onone";
			};
			name = Debug;
		};
		3A8A265529E77A9B00BDD648 /* Release */ = {
			isa = XCBuildConfiguration;
			buildSettings = {
				ALWAYS_SEARCH_USER_PATHS = NO;
				CLANG_ANALYZER_NONNULL = YES;
				CLANG_ANALYZER_NUMBER_OBJECT_CONVERSION = YES_AGGRESSIVE;
				CLANG_CXX_LANGUAGE_STANDARD = "gnu++20";
				CLANG_ENABLE_MODULES = YES;
				CLANG_ENABLE_OBJC_ARC = YES;
				CLANG_ENABLE_OBJC_WEAK = YES;
				CLANG_WARN_BLOCK_CAPTURE_AUTORELEASING = YES;
				CLANG_WARN_BOOL_CONVERSION = YES;
				CLANG_WARN_COMMA = YES;
				CLANG_WARN_CONSTANT_CONVERSION = YES;
				CLANG_WARN_DEPRECATED_OBJC_IMPLEMENTATIONS = YES;
				CLANG_WARN_DIRECT_OBJC_ISA_USAGE = YES_ERROR;
				CLANG_WARN_DOCUMENTATION_COMMENTS = YES;
				CLANG_WARN_EMPTY_BODY = YES;
				CLANG_WARN_ENUM_CONVERSION = YES;
				CLANG_WARN_INFINITE_RECURSION = YES;
				CLANG_WARN_INT_CONVERSION = YES;
				CLANG_WARN_NON_LITERAL_NULL_CONVERSION = YES;
				CLANG_WARN_OBJC_IMPLICIT_RETAIN_SELF = YES;
				CLANG_WARN_OBJC_LITERAL_CONVERSION = YES;
				CLANG_WARN_OBJC_ROOT_CLASS = YES_ERROR;
				CLANG_WARN_QUOTED_INCLUDE_IN_FRAMEWORK_HEADER = YES;
				CLANG_WARN_RANGE_LOOP_ANALYSIS = YES;
				CLANG_WARN_STRICT_PROTOTYPES = YES;
				CLANG_WARN_SUSPICIOUS_MOVE = YES;
				CLANG_WARN_UNGUARDED_AVAILABILITY = YES_AGGRESSIVE;
				CLANG_WARN_UNREACHABLE_CODE = YES;
				CLANG_WARN__DUPLICATE_METHOD_MATCH = YES;
				COPY_PHASE_STRIP = NO;
				DEBUG_INFORMATION_FORMAT = "dwarf-with-dsym";
				ENABLE_NS_ASSERTIONS = NO;
				ENABLE_STRICT_OBJC_MSGSEND = YES;
				GCC_C_LANGUAGE_STANDARD = gnu11;
				GCC_NO_COMMON_BLOCKS = YES;
				GCC_WARN_64_TO_32_BIT_CONVERSION = YES;
				GCC_WARN_ABOUT_RETURN_TYPE = YES_ERROR;
				GCC_WARN_UNDECLARED_SELECTOR = YES;
				GCC_WARN_UNINITIALIZED_AUTOS = YES_AGGRESSIVE;
				GCC_WARN_UNUSED_FUNCTION = YES;
				GCC_WARN_UNUSED_VARIABLE = YES;
				IPHONEOS_DEPLOYMENT_TARGET = 16.4;
				MTL_ENABLE_DEBUG_INFO = NO;
				MTL_FAST_MATH = YES;
				SDKROOT = iphoneos;
				SWIFT_COMPILATION_MODE = wholemodule;
				SWIFT_OPTIMIZATION_LEVEL = "-O";
				VALIDATE_PRODUCT = YES;
			};
			name = Release;
		};
		3A8A265729E77A9B00BDD648 /* Debug */ = {
			isa = XCBuildConfiguration;
			buildSettings = {
				ASSETCATALOG_COMPILER_APPICON_NAME = AppIcon;
				ASSETCATALOG_COMPILER_GLOBAL_ACCENT_COLOR_NAME = AccentColor;
				CODE_SIGN_STYLE = Automatic;
				CURRENT_PROJECT_VERSION = 1;
				DEVELOPMENT_TEAM = 9WT469DR6F;
				GENERATE_INFOPLIST_FILE = YES;
				INFOPLIST_FILE = BudBud/Info.plist;
				INFOPLIST_KEY_LSApplicationCategoryType = "public.app-category.utilities";
				INFOPLIST_KEY_NSBluetoothAlwaysUsageDescription = "BudBud requires Bluetooth in order to communicate with your Fast Pair devices";
				INFOPLIST_KEY_UIApplicationSupportsIndirectInputEvents = YES;
				INFOPLIST_KEY_UILaunchStoryboardName = LaunchScreen;
				INFOPLIST_KEY_UIMainStoryboardFile = Main;
				INFOPLIST_KEY_UISupportedInterfaceOrientations_iPad = "UIInterfaceOrientationPortrait UIInterfaceOrientationPortraitUpsideDown UIInterfaceOrientationLandscapeLeft UIInterfaceOrientationLandscapeRight";
				INFOPLIST_KEY_UISupportedInterfaceOrientations_iPhone = "UIInterfaceOrientationPortrait UIInterfaceOrientationLandscapeLeft UIInterfaceOrientationLandscapeRight";
				LD_RUNPATH_SEARCH_PATHS = (
					"$(inherited)",
					"@executable_path/Frameworks",
				);
				MARKETING_VERSION = 1.0;
				PRODUCT_BUNDLE_IDENTIFIER = dev.lumey.BudBud;
				PRODUCT_NAME = "$(TARGET_NAME)";
				SWIFT_EMIT_LOC_STRINGS = YES;
				SWIFT_VERSION = 5.0;
				TARGETED_DEVICE_FAMILY = "1,2";
			};
			name = Debug;
		};
		3A8A265829E77A9B00BDD648 /* Release */ = {
			isa = XCBuildConfiguration;
			buildSettings = {
				ASSETCATALOG_COMPILER_APPICON_NAME = AppIcon;
				ASSETCATALOG_COMPILER_GLOBAL_ACCENT_COLOR_NAME = AccentColor;
				CODE_SIGN_STYLE = Automatic;
				CURRENT_PROJECT_VERSION = 1;
				DEVELOPMENT_TEAM = 9WT469DR6F;
				GENERATE_INFOPLIST_FILE = YES;
				INFOPLIST_FILE = BudBud/Info.plist;
				INFOPLIST_KEY_LSApplicationCategoryType = "public.app-category.utilities";
				INFOPLIST_KEY_NSBluetoothAlwaysUsageDescription = "BudBud requires Bluetooth in order to communicate with your Fast Pair devices";
				INFOPLIST_KEY_UIApplicationSupportsIndirectInputEvents = YES;
				INFOPLIST_KEY_UILaunchStoryboardName = LaunchScreen;
				INFOPLIST_KEY_UIMainStoryboardFile = Main;
				INFOPLIST_KEY_UISupportedInterfaceOrientations_iPad = "UIInterfaceOrientationPortrait UIInterfaceOrientationPortraitUpsideDown UIInterfaceOrientationLandscapeLeft UIInterfaceOrientationLandscapeRight";
				INFOPLIST_KEY_UISupportedInterfaceOrientations_iPhone = "UIInterfaceOrientationPortrait UIInterfaceOrientationLandscapeLeft UIInterfaceOrientationLandscapeRight";
				LD_RUNPATH_SEARCH_PATHS = (
					"$(inherited)",
					"@executable_path/Frameworks",
				);
				MARKETING_VERSION = 1.0;
				PRODUCT_BUNDLE_IDENTIFIER = dev.lumey.BudBud;
				PRODUCT_NAME = "$(TARGET_NAME)";
				SWIFT_EMIT_LOC_STRINGS = YES;
				SWIFT_VERSION = 5.0;
				TARGETED_DEVICE_FAMILY = "1,2";
			};
			name = Release;
		};
		3A8A265A29E77A9B00BDD648 /* Debug */ = {
			isa = XCBuildConfiguration;
			buildSettings = {
				ALWAYS_EMBED_SWIFT_STANDARD_LIBRARIES = YES;
				BUNDLE_LOADER = "$(TEST_HOST)";
				CODE_SIGN_STYLE = Automatic;
				CURRENT_PROJECT_VERSION = 1;
				DEVELOPMENT_TEAM = 9WT469DR6F;
				GENERATE_INFOPLIST_FILE = YES;
				IPHONEOS_DEPLOYMENT_TARGET = 16.4;
				MARKETING_VERSION = 1.0;
				PRODUCT_BUNDLE_IDENTIFIER = dev.lumey.BudBudTests;
				PRODUCT_NAME = "$(TARGET_NAME)";
				SWIFT_EMIT_LOC_STRINGS = NO;
				SWIFT_VERSION = 5.0;
				TARGETED_DEVICE_FAMILY = "1,2";
				TEST_HOST = "$(BUILT_PRODUCTS_DIR)/BudBud.app/$(BUNDLE_EXECUTABLE_FOLDER_PATH)/BudBud";
			};
			name = Debug;
		};
		3A8A265B29E77A9B00BDD648 /* Release */ = {
			isa = XCBuildConfiguration;
			buildSettings = {
				ALWAYS_EMBED_SWIFT_STANDARD_LIBRARIES = YES;
				BUNDLE_LOADER = "$(TEST_HOST)";
				CODE_SIGN_STYLE = Automatic;
				CURRENT_PROJECT_VERSION = 1;
				DEVELOPMENT_TEAM = 9WT469DR6F;
				GENERATE_INFOPLIST_FILE = YES;
				IPHONEOS_DEPLOYMENT_TARGET = 16.4;
				MARKETING_VERSION = 1.0;
				PRODUCT_BUNDLE_IDENTIFIER = dev.lumey.BudBudTests;
				PRODUCT_NAME = "$(TARGET_NAME)";
				SWIFT_EMIT_LOC_STRINGS = NO;
				SWIFT_VERSION = 5.0;
				TARGETED_DEVICE_FAMILY = "1,2";
				TEST_HOST = "$(BUILT_PRODUCTS_DIR)/BudBud.app/$(BUNDLE_EXECUTABLE_FOLDER_PATH)/BudBud";
			};
			name = Release;
		};
		3A8A265D29E77A9B00BDD648 /* Debug */ = {
			isa = XCBuildConfiguration;
			buildSettings = {
				ALWAYS_EMBED_SWIFT_STANDARD_LIBRARIES = YES;
				CODE_SIGN_STYLE = Automatic;
				CURRENT_PROJECT_VERSION = 1;
				DEVELOPMENT_TEAM = 9WT469DR6F;
				GENERATE_INFOPLIST_FILE = YES;
				MARKETING_VERSION = 1.0;
				PRODUCT_BUNDLE_IDENTIFIER = dev.lumey.BudBudUITests;
				PRODUCT_NAME = "$(TARGET_NAME)";
				SWIFT_EMIT_LOC_STRINGS = NO;
				SWIFT_VERSION = 5.0;
				TARGETED_DEVICE_FAMILY = "1,2";
				TEST_TARGET_NAME = BudBud;
			};
			name = Debug;
		};
		3A8A265E29E77A9B00BDD648 /* Release */ = {
			isa = XCBuildConfiguration;
			buildSettings = {
				ALWAYS_EMBED_SWIFT_STANDARD_LIBRARIES = YES;
				CODE_SIGN_STYLE = Automatic;
				CURRENT_PROJECT_VERSION = 1;
				DEVELOPMENT_TEAM = 9WT469DR6F;
				GENERATE_INFOPLIST_FILE = YES;
				MARKETING_VERSION = 1.0;
				PRODUCT_BUNDLE_IDENTIFIER = dev.lumey.BudBudUITests;
				PRODUCT_NAME = "$(TARGET_NAME)";
				SWIFT_EMIT_LOC_STRINGS = NO;
				SWIFT_VERSION = 5.0;
				TARGETED_DEVICE_FAMILY = "1,2";
				TEST_TARGET_NAME = BudBud;
			};
			name = Release;
		};
/* End XCBuildConfiguration section */

/* Begin XCConfigurationList section */
		3A8A262729E77A9A00BDD648 /* Build configuration list for PBXProject "BudBud" */ = {
			isa = XCConfigurationList;
			buildConfigurations = (
				3A8A265429E77A9B00BDD648 /* Debug */,
				3A8A265529E77A9B00BDD648 /* Release */,
			);
			defaultConfigurationIsVisible = 0;
			defaultConfigurationName = Release;
		};
		3A8A265629E77A9B00BDD648 /* Build configuration list for PBXNativeTarget "BudBud" */ = {
			isa = XCConfigurationList;
			buildConfigurations = (
				3A8A265729E77A9B00BDD648 /* Debug */,
				3A8A265829E77A9B00BDD648 /* Release */,
			);
			defaultConfigurationIsVisible = 0;
			defaultConfigurationName = Release;
		};
		3A8A265929E77A9B00BDD648 /* Build configuration list for PBXNativeTarget "BudBudTests" */ = {
			isa = XCConfigurationList;
			buildConfigurations = (
				3A8A265A29E77A9B00BDD648 /* Debug */,
				3A8A265B29E77A9B00BDD648 /* Release */,
			);
			defaultConfigurationIsVisible = 0;
			defaultConfigurationName = Release;
		};
		3A8A265C29E77A9B00BDD648 /* Build configuration list for PBXNativeTarget "BudBudUITests" */ = {
			isa = XCConfigurationList;
			buildConfigurations = (
				3A8A265D29E77A9B00BDD648 /* Debug */,
				3A8A265E29E77A9B00BDD648 /* Release */,
			);
			defaultConfigurationIsVisible = 0;
			defaultConfigurationName = Release;
		};
/* End XCConfigurationList section */

/* Begin XCRemoteSwiftPackageReference section */
		3A44266B29E7AA7600F414CE /* XCRemoteSwiftPackageReference "SDWebImage" */ = {
			isa = XCRemoteSwiftPackageReference;
			repositoryURL = "https://github.com/SDWebImage/SDWebImage";
			requirement = {
				kind = upToNextMajorVersion;
				minimumVersion = 5.0.0;
			};
		};
/* End XCRemoteSwiftPackageReference section */

/* Begin XCSwiftPackageProductDependency section */
		3A44266C29E7AA7600F414CE /* SDWebImage */ = {
			isa = XCSwiftPackageProductDependency;
			package = 3A44266B29E7AA7600F414CE /* XCRemoteSwiftPackageReference "SDWebImage" */;
			productName = SDWebImage;
		};
/* End XCSwiftPackageProductDependency section */
	};
	rootObject = 3A8A262429E77A9A00BDD648 /* Project object */;
}
